{
  "originHash" : "7f8c45cdb795e923f83eed0273227fd5a47f5d40ef22193429abbefba4318b79",
  "pins" : [
    {
      "identity" : "catena",
      "kind" : "remoteSourceControl",
      "location" : "https://github.com/Fleuronic/Catena",
      "state" : {
        "branch" : "main",
        "revision" : "00c17a0c7c6f90f76407eb7aa5a375ffa2abec12"
      }
    },
    {
      "identity" : "catenoid",
      "kind" : "remoteSourceControl",
      "location" : "https://github.com/Fleuronic/Catenoid",
      "state" : {
        "branch" : "main",
        "revision" : "c8c3c713226237f0b6b2c478eebc307cbc5afe98"
      }
    },
    {
      "identity" : "dewdrop",
      "kind" : "remoteSourceControl",
      "location" : "https://github.com/Fleuronic/Dewdrop",
      "state" : {
        "branch" : "main",
        "revision" : "e605dba60407ba9d9443ca6c14adf7f4d5dcbc9f"
      }
    },
    {
      "identity" : "dewdropservice",
      "kind" : "remoteSourceControl",
      "location" : "https://github.com/Fleuronic/DewdropService",
      "state" : {
        "branch" : "main",
        "revision" : "c698701882e4c16502061a746e8b601405cc8bf0"
      }
    },
    {
      "identity" : "differ",
      "kind" : "remoteSourceControl",
      "location" : "https://github.com/tonyarnold/Differ",
      "state" : {
        "revision" : "5520fda947f1f9777a806389c2ba587219bc0538",
        "version" : "1.4.6"
      }
    },
    {
      "identity" : "identity",
      "kind" : "remoteSourceControl",
      "location" : "https://github.com/Fleuronic/Identity",
      "state" : {
        "branch" : "master",
        "revision" : "a0a5d99bc543487e3785eb5700e277a2f1fcf4b5"
      }
    },
    {
      "identity" : "persistdb",
      "kind" : "remoteSourceControl",
      "location" : "https://github.com/Fleuronic/PersistDB",
      "state" : {
        "branch" : "master",
        "revision" : "cbd5d1c0c98fbc899ed8f069f7e3ff3ecc769e4f"
      }
    },
    {
      "identity" : "reactiveswift",
      "kind" : "remoteSourceControl",
      "location" : "https://github.com/Fleuronic/ReactiveSwift",
      "state" : {
        "branch" : "master",
        "revision" : "2dc9b62ee7a2aff72bab49f5f3f6a71fa09d1537"
      }
    },
    {
      "identity" : "schemata",
      "kind" : "remoteSourceControl",
      "location" : "https://github.com/Fleuronic/Schemata",
      "state" : {
        "branch" : "master",
        "revision" : "12fd8741aa860f6eb61220ca5a3c70e521f23936"
      }
    },
    {
      "identity" : "swift-memberwise-init-macro",
      "kind" : "remoteSourceControl",
      "location" : "https://github.com/gohanlon/swift-memberwise-init-macro",
      "state" : {
        "revision" : "21ca6d8c8f9e4ce27e92f82da294e0d91953b8b6",
        "version" : "0.5.1"
      }
    },
    {
      "identity" : "swift-security",
      "kind" : "remoteSourceControl",
      "location" : "https://github.com/dm-zharov/swift-security",
      "state" : {
        "branch" : "main",
        "revision" : "56808589e8b5b02095afdd23357df7915639c6a2"
      }
    },
    {
      "identity" : "swift-syntax",
      "kind" : "remoteSourceControl",
      "location" : "https://github.com/swiftlang/swift-syntax",
      "state" : {
        "revision" : "0687f71944021d616d34d922343dcef086855920",
        "version" : "600.0.1"
      }
    }
  ],
  "version" : 3
}
