{
  "pins" : [
    {
      "identity" : "catena",
      "kind" : "remoteSourceControl",
      "location" : "https://github.com/Fleuronic/Catena",
      "state" : {
        "branch" : "main",
        "revision" : "0886450dc5cc4d2607cd63ce95772e6fb29d7a9f"
      }
    },
    {
      "identity" : "catenoid",
      "kind" : "remoteSourceControl",
      "location" : "https://github.com/Fleuronic/Catenoid",
      "state" : {
        "branch" : "main",
        "revision" : "5c428d639d867c7fb493723affe4f11bca73c435"
      }
    },
    {
      "identity" : "dewdrop",
      "kind" : "remoteSourceControl",
      "location" : "https://github.com/Fleuronic/Dewdrop",
      "state" : {
        "branch" : "main",
        "revision" : "be659e34d91ee1081801f0983881364e8842800f"
      }
    },
    {
      "identity" : "dewdropservice",
      "kind" : "remoteSourceControl",
      "location" : "https://github.com/Fleuronic/DewdropService",
      "state" : {
        "branch" : "main",
        "revision" : "b3b7ab0e029093518434b55f475fac25ebf9d146"
      }
    },
    {
      "identity" : "differ",
      "kind" : "remoteSourceControl",
      "location" : "https://github.com/tonyarnold/Differ",
      "state" : {
        "revision" : "5520fda947f1f9777a806389c2ba587219bc0538",
        "version" : "1.4.6"
      }
    },
    {
      "identity" : "identity",
      "kind" : "remoteSourceControl",
      "location" : "https://github.com/Fleuronic/Identity",
      "state" : {
        "branch" : "master",
        "revision" : "511c8584d7c0bed3da607156a4d643fd44ca4368"
      }
    },
    {
      "identity" : "persistdb",
      "kind" : "remoteSourceControl",
      "location" : "https://github.com/Fleuronic/PersistDB",
      "state" : {
        "branch" : "master",
        "revision" : "0d57b231aeef08f015a54e021e46d74b19db761e"
      }
    },
    {
      "identity" : "reactiveswift",
      "kind" : "remoteSourceControl",
      "location" : "https://github.com/Fleuronic/ReactiveSwift",
      "state" : {
        "branch" : "main",
        "revision" : "db54c7d9b7cf3ed89962eac4b28a4c05df855956"
      }
    },
    {
      "identity" : "schemata",
      "kind" : "remoteSourceControl",
      "location" : "https://github.com/Fleuronic/Schemata",
      "state" : {
        "branch" : "master",
        "revision" : "d50bff691be79b0334e17b394de7dc13528d3944"
      }
    },
    {
      "identity" : "swift-memberwise-init-macro",
      "kind" : "remoteSourceControl",
      "location" : "https://github.com/gohanlon/swift-memberwise-init-macro",
      "state" : {
        "revision" : "21ca6d8c8f9e4ce27e92f82da294e0d91953b8b6",
        "version" : "0.5.1"
      }
    },
    {
      "identity" : "swift-security",
      "kind" : "remoteSourceControl",
      "location" : "https://github.com/dm-zharov/swift-security",
      "state" : {
        "branch" : "main",
        "revision" : "56808589e8b5b02095afdd23357df7915639c6a2"
      }
    },
    {
      "identity" : "swift-syntax",
      "kind" : "remoteSourceControl",
      "location" : "https://github.com/swiftlang/swift-syntax",
      "state" : {
        "revision" : "0687f71944021d616d34d922343dcef086855920",
        "version" : "600.0.1"
      }
    }
  ],
  "version" : 2
}
